
Microsoft Visual Studio Solution File, Format Version 12.00
# Visual Studio 15
Project("{FAE04EC0-301F-11D3-BF4B-00C04F79EFBC}") = "Assembly-CSharp", "Assembly-CSharp.csproj", "{EA16AA54-09A4-EC15-2B9A-310CE78CC174}"
EndProject
Project("{FAE04EC0-301F-11D3-BF4B-00C04F79EFBC}") = "Assembly-CSharp-Editor", "Assembly-CSharp-Editor.csproj", "{083C9885-6A09-EA67-CD8C-61122DFA00FF}"
EndProject
Global
	GlobalSection(SolutionConfigurationPlatforms) = preSolution
		Debug|Any CPU = Debug|Any CPU
		Release|Any CPU = Release|Any CPU
	EndGlobalSection
	GlobalSection(ProjectConfigurationPlatforms) = postSolution
		{EA16AA54-09A4-EC15-2B9A-310CE78CC174}.Debug|Any CPU.ActiveCfg = Debug|Any CPU
		{EA16AA54-09A4-EC15-2B9A-310CE78CC174}.Debug|Any CPU.Build.0 = Debug|Any CPU
		{EA16AA54-09A4-EC15-2B9A-310CE78CC174}.Release|Any CPU.ActiveCfg = Release|Any CPU
		{EA16AA54-09A4-EC15-2B9A-310CE78CC174}.Release|Any CPU.Build.0 = Release|Any CPU
		{083C9885-6A09-EA67-CD8C-61122DFA00FF}.Debug|Any CPU.ActiveCfg = Debug|Any CPU
		{083C9885-6A09-EA67-CD8C-61122DFA00FF}.Debug|Any CPU.Build.0 = Debug|Any CPU
		{083C9885-6A09-EA67-CD8C-61122DFA00FF}.Release|Any CPU.ActiveCfg = Release|Any CPU
		{083C9885-6A09-EA67-CD8C-61122DFA00FF}.Release|Any CPU.Build.0 = Release|Any CPU
	EndGlobalSection
	GlobalSection(SolutionProperties) = preSolution
		HideSolutionNode = FALSE
	EndGlobalSection
EndGlobal
